PODS:
  - FlutterMacOS (1.0.0)
  - rust_ffi_lib (0.0.1):
    - FlutterMacOS

DEPENDENCIES:
  - FlutterMacOS (from `Flutter/ephemeral`)
  - rust_ffi_lib (from `Flutter/ephemeral/.symlinks/plugins/rust_ffi_lib/macos`)

EXTERNAL SOURCES:
  FlutterMacOS:
    :path: Flutter/ephemeral
  rust_ffi_lib:
    :path: Flutter/ephemeral/.symlinks/plugins/rust_ffi_lib/macos

SPEC CHECKSUMS:
  FlutterMacOS: 8f6f14fa908a6fb3fba0cd85dbd81ec4b251fb24
  rust_ffi_lib: 61b217d7e97341852c03c388e34ae7900067243a

PODFILE CHECKSUM: 236401fc2c932af29a9fcf0e97baeeb2d750d367

COCOAPODS: 1.15.2
